
Microsoft Visual Studio Solution File, Format Version 12.00
# Visual Studio Version 16
VisualStudioVersion = 16.0.29613.14
MinimumVisualStudioVersion = 10.0.40219.1
Project("{FAE04EC0-301F-11D3-BF4B-00C04F79EFBC}") = "Model", "Model\Model.csproj", "{68FFD672-BEB2-42B5-A1AE-1E64A75AA9CF}"
EndProject
Project("{FAE04EC0-301F-11D3-BF4B-00C04F79EFBC}") = "UI", "UI\UI.csproj", "{1B663704-1613-4F5C-9E0D-269C3E0E6C44}"
EndProject
Project("{FAE04EC0-301F-11D3-BF4B-00C04F79EFBC}") = "DAO", "DAL\DAO.csproj", "{B4B84F21-E77B-44B6-B1D1-684D2FE92041}"
EndProject
Global
	GlobalSection(SolutionConfigurationPlatforms) = preSolution
		Debug|Any CPU = Debug|Any CPU
		Release|Any CPU = Release|Any CPU
	EndGlobalSection
	GlobalSection(ProjectConfigurationPlatforms) = postSolution
		{68FFD672-BEB2-42B5-A1AE-1E64A75AA9CF}.Debug|Any CPU.ActiveCfg = Debug|Any CPU
		{68FFD672-BEB2-42B5-A1AE-1E64A75AA9CF}.Debug|Any CPU.Build.0 = Debug|Any CPU
		{68FFD672-BEB2-42B5-A1AE-1E64A75AA9CF}.Release|Any CPU.ActiveCfg = Release|Any CPU
		{68FFD672-BEB2-42B5-A1AE-1E64A75AA9CF}.Release|Any CPU.Build.0 = Release|Any CPU
		{1B663704-1613-4F5C-9E0D-269C3E0E6C44}.Debug|Any CPU.ActiveCfg = Debug|Any CPU
		{1B663704-1613-4F5C-9E0D-269C3E0E6C44}.Debug|Any CPU.Build.0 = Debug|Any CPU
		{1B663704-1613-4F5C-9E0D-269C3E0E6C44}.Release|Any CPU.ActiveCfg = Release|Any CPU
		{1B663704-1613-4F5C-9E0D-269C3E0E6C44}.Release|Any CPU.Build.0 = Release|Any CPU
		{B4B84F21-E77B-44B6-B1D1-684D2FE92041}.Debug|Any CPU.ActiveCfg = Debug|Any CPU
		{B4B84F21-E77B-44B6-B1D1-684D2FE92041}.Debug|Any CPU.Build.0 = Debug|Any CPU
		{B4B84F21-E77B-44B6-B1D1-684D2FE92041}.Release|Any CPU.ActiveCfg = Release|Any CPU
		{B4B84F21-E77B-44B6-B1D1-684D2FE92041}.Release|Any CPU.Build.0 = Release|Any CPU
	EndGlobalSection
	GlobalSection(SolutionProperties) = preSolution
		HideSolutionNode = FALSE
	EndGlobalSection
	GlobalSection(ExtensibilityGlobals) = postSolution
		SolutionGuid = {8C6BAD0D-D4DB-4BEC-9C74-FFA50A4FB5C3}
	EndGlobalSection
EndGlobal
