
Microsoft Visual Studio Solution File, Format Version 12.00
# Visual Studio Version 16
VisualStudioVersion = 16.0.29613.14
MinimumVisualStudioVersion = 10.0.40219.1
Project("{FAE04EC0-301F-11D3-BF4B-00C04F79EFBC}") = "Opdracht 1", "Opdracht 1\Opdracht 1.csproj", "{CCC65DB1-4278-4BA9-8806-E8B1C68EA80B}"
EndProject
Project("{FAE04EC0-301F-11D3-BF4B-00C04F79EFBC}") = "Opdracht 2", "Opdracht 2\Opdracht 2.csproj", "{9C494DF1-9EA3-403D-8873-F4C773F4BB07}"
EndProject
Project("{FAE04EC0-301F-11D3-BF4B-00C04F79EFBC}") = "Opdracht 3", "Opdracht 3\Opdracht 3.csproj", "{F0D05B56-A0BA-4B53-A9F7-451CA95BD922}"
EndProject
Global
	GlobalSection(SolutionConfigurationPlatforms) = preSolution
		Debug|Any CPU = Debug|Any CPU
		Release|Any CPU = Release|Any CPU
	EndGlobalSection
	GlobalSection(ProjectConfigurationPlatforms) = postSolution
		{CCC65DB1-4278-4BA9-8806-E8B1C68EA80B}.Debug|Any CPU.ActiveCfg = Debug|Any CPU
		{CCC65DB1-4278-4BA9-8806-E8B1C68EA80B}.Debug|Any CPU.Build.0 = Debug|Any CPU
		{CCC65DB1-4278-4BA9-8806-E8B1C68EA80B}.Release|Any CPU.ActiveCfg = Release|Any CPU
		{CCC65DB1-4278-4BA9-8806-E8B1C68EA80B}.Release|Any CPU.Build.0 = Release|Any CPU
		{9C494DF1-9EA3-403D-8873-F4C773F4BB07}.Debug|Any CPU.ActiveCfg = Debug|Any CPU
		{9C494DF1-9EA3-403D-8873-F4C773F4BB07}.Debug|Any CPU.Build.0 = Debug|Any CPU
		{9C494DF1-9EA3-403D-8873-F4C773F4BB07}.Release|Any CPU.ActiveCfg = Release|Any CPU
		{9C494DF1-9EA3-403D-8873-F4C773F4BB07}.Release|Any CPU.Build.0 = Release|Any CPU
		{F0D05B56-A0BA-4B53-A9F7-451CA95BD922}.Debug|Any CPU.ActiveCfg = Debug|Any CPU
		{F0D05B56-A0BA-4B53-A9F7-451CA95BD922}.Debug|Any CPU.Build.0 = Debug|Any CPU
		{F0D05B56-A0BA-4B53-A9F7-451CA95BD922}.Release|Any CPU.ActiveCfg = Release|Any CPU
		{F0D05B56-A0BA-4B53-A9F7-451CA95BD922}.Release|Any CPU.Build.0 = Release|Any CPU
	EndGlobalSection
	GlobalSection(SolutionProperties) = preSolution
		HideSolutionNode = FALSE
	EndGlobalSection
	GlobalSection(ExtensibilityGlobals) = postSolution
		SolutionGuid = {201358EE-81F4-43F1-9F3D-AAB48F0732EA}
	EndGlobalSection
EndGlobal
