
Microsoft Visual Studio Solution File, Format Version 12.00
# Visual Studio Version 16
VisualStudioVersion = 16.0.29306.81
MinimumVisualStudioVersion = 10.0.40219.1
Project("{FAE04EC0-301F-11D3-BF4B-00C04F79EFBC}") = "Primes", "Primes\Primes.csproj", "{3997CD37-D358-4E2F-A4AE-6EEC00807C3F}"
EndProject
Project("{FAE04EC0-301F-11D3-BF4B-00C04F79EFBC}") = "AUT-NS", "AUT-NS\AUT-NS.csproj", "{3A18CCF8-976B-4F90-B522-8E344306D1D8}"
EndProject
Project("{FAE04EC0-301F-11D3-BF4B-00C04F79EFBC}") = "DecToBin", "DecToBin\DecToBin.csproj", "{F68DBFB7-8F40-474F-878F-ECDF8B9BCE69}"
EndProject
Project("{FAE04EC0-301F-11D3-BF4B-00C04F79EFBC}") = "Lists", "Lists\Lists.csproj", "{0B83F76F-9E6B-445F-8594-6AD52FB12656}"
EndProject
Project("{FAE04EC0-301F-11D3-BF4B-00C04F79EFBC}") = "ConwaysGame", "ConwaysGame\ConwaysGame.csproj", "{7B10B478-3C56-480B-A4CD-0954E75123DF}"
EndProject
Project("{FAE04EC0-301F-11D3-BF4B-00C04F79EFBC}") = "Oefententamen Periode 2", "Oefententamen Periode 2\Oefententamen Periode 2.csproj", "{67E0A513-6BBA-4D4B-92A0-5C0425EF8AE2}"
EndProject
Project("{FAE04EC0-301F-11D3-BF4B-00C04F79EFBC}") = "Perlin Noise", "Perlin Noise\Perlin Noise.csproj", "{FBEA29F1-6898-4370-80A3-AEADCA279D12}"
EndProject
Project("{FAE04EC0-301F-11D3-BF4B-00C04F79EFBC}") = "Quick", "..\Quick\Quick\Quick.csproj", "{34E8D678-FEA7-4E47-B2CC-4A494EA60EE6}"
EndProject
Project("{FAE04EC0-301F-11D3-BF4B-00C04F79EFBC}") = "Quick Testing", "Quick Testing\Quick Testing.csproj", "{4785ECA4-4A81-46AB-9BD6-65F1762F8597}"
EndProject
Project("{FAE04EC0-301F-11D3-BF4B-00C04F79EFBC}") = "CustomComponents", "CustomComponents\CustomComponents.csproj", "{8DB7FE6A-6449-489B-9777-33A4A402CD26}"
EndProject
Project("{FAE04EC0-301F-11D3-BF4B-00C04F79EFBC}") = "UI Testing", "UI Testing\UI Testing.csproj", "{0650276F-3AFE-4F31-B87B-56283D637E1B}"
EndProject
Global
	GlobalSection(SolutionConfigurationPlatforms) = preSolution
		Debug|Any CPU = Debug|Any CPU
		Release|Any CPU = Release|Any CPU
	EndGlobalSection
	GlobalSection(ProjectConfigurationPlatforms) = postSolution
		{3997CD37-D358-4E2F-A4AE-6EEC00807C3F}.Debug|Any CPU.ActiveCfg = Debug|Any CPU
		{3997CD37-D358-4E2F-A4AE-6EEC00807C3F}.Debug|Any CPU.Build.0 = Debug|Any CPU
		{3997CD37-D358-4E2F-A4AE-6EEC00807C3F}.Release|Any CPU.ActiveCfg = Release|Any CPU
		{3997CD37-D358-4E2F-A4AE-6EEC00807C3F}.Release|Any CPU.Build.0 = Release|Any CPU
		{3A18CCF8-976B-4F90-B522-8E344306D1D8}.Debug|Any CPU.ActiveCfg = Debug|Any CPU
		{3A18CCF8-976B-4F90-B522-8E344306D1D8}.Debug|Any CPU.Build.0 = Debug|Any CPU
		{3A18CCF8-976B-4F90-B522-8E344306D1D8}.Release|Any CPU.ActiveCfg = Release|Any CPU
		{3A18CCF8-976B-4F90-B522-8E344306D1D8}.Release|Any CPU.Build.0 = Release|Any CPU
		{F68DBFB7-8F40-474F-878F-ECDF8B9BCE69}.Debug|Any CPU.ActiveCfg = Debug|Any CPU
		{F68DBFB7-8F40-474F-878F-ECDF8B9BCE69}.Debug|Any CPU.Build.0 = Debug|Any CPU
		{F68DBFB7-8F40-474F-878F-ECDF8B9BCE69}.Release|Any CPU.ActiveCfg = Release|Any CPU
		{F68DBFB7-8F40-474F-878F-ECDF8B9BCE69}.Release|Any CPU.Build.0 = Release|Any CPU
		{0B83F76F-9E6B-445F-8594-6AD52FB12656}.Debug|Any CPU.ActiveCfg = Debug|Any CPU
		{0B83F76F-9E6B-445F-8594-6AD52FB12656}.Debug|Any CPU.Build.0 = Debug|Any CPU
		{0B83F76F-9E6B-445F-8594-6AD52FB12656}.Release|Any CPU.ActiveCfg = Release|Any CPU
		{0B83F76F-9E6B-445F-8594-6AD52FB12656}.Release|Any CPU.Build.0 = Release|Any CPU
		{7B10B478-3C56-480B-A4CD-0954E75123DF}.Debug|Any CPU.ActiveCfg = Debug|Any CPU
		{7B10B478-3C56-480B-A4CD-0954E75123DF}.Debug|Any CPU.Build.0 = Debug|Any CPU
		{7B10B478-3C56-480B-A4CD-0954E75123DF}.Release|Any CPU.ActiveCfg = Release|Any CPU
		{7B10B478-3C56-480B-A4CD-0954E75123DF}.Release|Any CPU.Build.0 = Release|Any CPU
		{67E0A513-6BBA-4D4B-92A0-5C0425EF8AE2}.Debug|Any CPU.ActiveCfg = Debug|Any CPU
		{67E0A513-6BBA-4D4B-92A0-5C0425EF8AE2}.Debug|Any CPU.Build.0 = Debug|Any CPU
		{67E0A513-6BBA-4D4B-92A0-5C0425EF8AE2}.Release|Any CPU.ActiveCfg = Release|Any CPU
		{67E0A513-6BBA-4D4B-92A0-5C0425EF8AE2}.Release|Any CPU.Build.0 = Release|Any CPU
		{FBEA29F1-6898-4370-80A3-AEADCA279D12}.Debug|Any CPU.ActiveCfg = Debug|Any CPU
		{FBEA29F1-6898-4370-80A3-AEADCA279D12}.Debug|Any CPU.Build.0 = Debug|Any CPU
		{FBEA29F1-6898-4370-80A3-AEADCA279D12}.Release|Any CPU.ActiveCfg = Release|Any CPU
		{FBEA29F1-6898-4370-80A3-AEADCA279D12}.Release|Any CPU.Build.0 = Release|Any CPU
		{34E8D678-FEA7-4E47-B2CC-4A494EA60EE6}.Debug|Any CPU.ActiveCfg = Debug|Any CPU
		{34E8D678-FEA7-4E47-B2CC-4A494EA60EE6}.Debug|Any CPU.Build.0 = Debug|Any CPU
		{34E8D678-FEA7-4E47-B2CC-4A494EA60EE6}.Release|Any CPU.ActiveCfg = Release|Any CPU
		{34E8D678-FEA7-4E47-B2CC-4A494EA60EE6}.Release|Any CPU.Build.0 = Release|Any CPU
		{4785ECA4-4A81-46AB-9BD6-65F1762F8597}.Debug|Any CPU.ActiveCfg = Debug|Any CPU
		{4785ECA4-4A81-46AB-9BD6-65F1762F8597}.Debug|Any CPU.Build.0 = Debug|Any CPU
		{4785ECA4-4A81-46AB-9BD6-65F1762F8597}.Release|Any CPU.ActiveCfg = Release|Any CPU
		{4785ECA4-4A81-46AB-9BD6-65F1762F8597}.Release|Any CPU.Build.0 = Release|Any CPU
		{8DB7FE6A-6449-489B-9777-33A4A402CD26}.Debug|Any CPU.ActiveCfg = Debug|Any CPU
		{8DB7FE6A-6449-489B-9777-33A4A402CD26}.Debug|Any CPU.Build.0 = Debug|Any CPU
		{8DB7FE6A-6449-489B-9777-33A4A402CD26}.Release|Any CPU.ActiveCfg = Release|Any CPU
		{8DB7FE6A-6449-489B-9777-33A4A402CD26}.Release|Any CPU.Build.0 = Release|Any CPU
		{0650276F-3AFE-4F31-B87B-56283D637E1B}.Debug|Any CPU.ActiveCfg = Debug|Any CPU
		{0650276F-3AFE-4F31-B87B-56283D637E1B}.Debug|Any CPU.Build.0 = Debug|Any CPU
		{0650276F-3AFE-4F31-B87B-56283D637E1B}.Release|Any CPU.ActiveCfg = Release|Any CPU
		{0650276F-3AFE-4F31-B87B-56283D637E1B}.Release|Any CPU.Build.0 = Release|Any CPU
	EndGlobalSection
	GlobalSection(SolutionProperties) = preSolution
		HideSolutionNode = FALSE
	EndGlobalSection
	GlobalSection(ExtensibilityGlobals) = postSolution
		SolutionGuid = {5A9B4A2B-F1F5-42C3-A4DD-A675609356C5}
	EndGlobalSection
EndGlobal
