
Microsoft Visual Studio Solution File, Format Version 12.00
# Visual Studio Version 16
VisualStudioVersion = 16.0.29613.14
MinimumVisualStudioVersion = 10.0.40219.1
Project("{FAE04EC0-301F-11D3-BF4B-00C04F79EFBC}") = "Opdracht 1", "Opdracht 1\Opdracht 1.csproj", "{377C590C-1743-480A-A56E-D3C7CC13E0B0}"
EndProject
Project("{FAE04EC0-301F-11D3-BF4B-00C04F79EFBC}") = "Opdracht 2", "Opdracht 2\Opdracht 2.csproj", "{84C216F0-3C15-4CF4-9A0C-16B5D6221913}"
EndProject
Project("{FAE04EC0-301F-11D3-BF4B-00C04F79EFBC}") = "Opdracht 3", "Opdracht 3\Opdracht 3.csproj", "{D21AAE1B-5CFA-4345-AFEF-9FEF2A548F6F}"
EndProject
Global
	GlobalSection(SolutionConfigurationPlatforms) = preSolution
		Debug|Any CPU = Debug|Any CPU
		Release|Any CPU = Release|Any CPU
	EndGlobalSection
	GlobalSection(ProjectConfigurationPlatforms) = postSolution
		{377C590C-1743-480A-A56E-D3C7CC13E0B0}.Debug|Any CPU.ActiveCfg = Debug|Any CPU
		{377C590C-1743-480A-A56E-D3C7CC13E0B0}.Debug|Any CPU.Build.0 = Debug|Any CPU
		{377C590C-1743-480A-A56E-D3C7CC13E0B0}.Release|Any CPU.ActiveCfg = Release|Any CPU
		{377C590C-1743-480A-A56E-D3C7CC13E0B0}.Release|Any CPU.Build.0 = Release|Any CPU
		{84C216F0-3C15-4CF4-9A0C-16B5D6221913}.Debug|Any CPU.ActiveCfg = Debug|Any CPU
		{84C216F0-3C15-4CF4-9A0C-16B5D6221913}.Debug|Any CPU.Build.0 = Debug|Any CPU
		{84C216F0-3C15-4CF4-9A0C-16B5D6221913}.Release|Any CPU.ActiveCfg = Release|Any CPU
		{84C216F0-3C15-4CF4-9A0C-16B5D6221913}.Release|Any CPU.Build.0 = Release|Any CPU
		{D21AAE1B-5CFA-4345-AFEF-9FEF2A548F6F}.Debug|Any CPU.ActiveCfg = Debug|Any CPU
		{D21AAE1B-5CFA-4345-AFEF-9FEF2A548F6F}.Debug|Any CPU.Build.0 = Debug|Any CPU
		{D21AAE1B-5CFA-4345-AFEF-9FEF2A548F6F}.Release|Any CPU.ActiveCfg = Release|Any CPU
		{D21AAE1B-5CFA-4345-AFEF-9FEF2A548F6F}.Release|Any CPU.Build.0 = Release|Any CPU
	EndGlobalSection
	GlobalSection(SolutionProperties) = preSolution
		HideSolutionNode = FALSE
	EndGlobalSection
	GlobalSection(ExtensibilityGlobals) = postSolution
		SolutionGuid = {5FB3D46D-E793-4F50-894B-7D75539A507B}
	EndGlobalSection
EndGlobal
