
Microsoft Visual Studio Solution File, Format Version 12.00
# Visual Studio Version 16
VisualStudioVersion = 16.0.29215.179
MinimumVisualStudioVersion = 10.0.40219.1
Project("{FAE04EC0-301F-11D3-BF4B-00C04F79EFBC}") = "Opdracht1", "ConsoleApp1\Opdracht1.csproj", "{7A3DF5FD-6CD8-44B0-89F6-1AD775972643}"
EndProject
Project("{FAE04EC0-301F-11D3-BF4B-00C04F79EFBC}") = "Opdracht2", "..\ConsoleApp2\ConsoleApp2\Opdracht2.csproj", "{46E25F51-6173-4777-AB31-D265F6F3A1FE}"
EndProject
Global
	GlobalSection(SolutionConfigurationPlatforms) = preSolution
		Debug|Any CPU = Debug|Any CPU
		Release|Any CPU = Release|Any CPU
	EndGlobalSection
	GlobalSection(ProjectConfigurationPlatforms) = postSolution
		{7A3DF5FD-6CD8-44B0-89F6-1AD775972643}.Debug|Any CPU.ActiveCfg = Debug|Any CPU
		{7A3DF5FD-6CD8-44B0-89F6-1AD775972643}.Debug|Any CPU.Build.0 = Debug|Any CPU
		{7A3DF5FD-6CD8-44B0-89F6-1AD775972643}.Release|Any CPU.ActiveCfg = Release|Any CPU
		{7A3DF5FD-6CD8-44B0-89F6-1AD775972643}.Release|Any CPU.Build.0 = Release|Any CPU
		{46E25F51-6173-4777-AB31-D265F6F3A1FE}.Debug|Any CPU.ActiveCfg = Debug|Any CPU
		{46E25F51-6173-4777-AB31-D265F6F3A1FE}.Debug|Any CPU.Build.0 = Debug|Any CPU
		{46E25F51-6173-4777-AB31-D265F6F3A1FE}.Release|Any CPU.ActiveCfg = Release|Any CPU
		{46E25F51-6173-4777-AB31-D265F6F3A1FE}.Release|Any CPU.Build.0 = Release|Any CPU
	EndGlobalSection
	GlobalSection(SolutionProperties) = preSolution
		HideSolutionNode = FALSE
	EndGlobalSection
	GlobalSection(ExtensibilityGlobals) = postSolution
		SolutionGuid = {23932253-ADEF-442A-B830-10DACC615D3D}
	EndGlobalSection
EndGlobal
