
Microsoft Visual Studio Solution File, Format Version 12.00
# Visual Studio Version 16
VisualStudioVersion = 16.0.29306.81
MinimumVisualStudioVersion = 10.0.40219.1
Project("{FAE04EC0-301F-11D3-BF4B-00C04F79EFBC}") = "Opdracht1", "Opdracht1\Opdracht1.csproj", "{A80B0279-E87D-4018-A9F5-94236E258BD3}"
EndProject
Project("{FAE04EC0-301F-11D3-BF4B-00C04F79EFBC}") = "Opdracht2", "Opdracht2\Opdracht2.csproj", "{2BA815A7-0F4A-4995-89AA-C8C2374394AE}"
EndProject
Project("{FAE04EC0-301F-11D3-BF4B-00C04F79EFBC}") = "Opdracht3", "Opdracht3\Opdracht3.csproj", "{9BBC8A42-A983-4879-97A6-D1745EF396D2}"
EndProject
Project("{FAE04EC0-301F-11D3-BF4B-00C04F79EFBC}") = "Opdracht4", "Opdracht4\Opdracht4.csproj", "{01E97888-8610-4524-8640-150C1F479F7B}"
EndProject
Project("{FAE04EC0-301F-11D3-BF4B-00C04F79EFBC}") = "Opdracht5", "Opdracht5\Opdracht5.csproj", "{95A0E7D6-3944-43F0-B6F1-0F1F4990E76A}"
EndProject
Project("{FAE04EC0-301F-11D3-BF4B-00C04F79EFBC}") = "Opdracht6", "Opdracht6\Opdracht6.csproj", "{07C7F197-A82A-4AF3-B009-9227EEF003A0}"
EndProject
Global
	GlobalSection(SolutionConfigurationPlatforms) = preSolution
		Debug|Any CPU = Debug|Any CPU
		Release|Any CPU = Release|Any CPU
	EndGlobalSection
	GlobalSection(ProjectConfigurationPlatforms) = postSolution
		{A80B0279-E87D-4018-A9F5-94236E258BD3}.Debug|Any CPU.ActiveCfg = Debug|Any CPU
		{A80B0279-E87D-4018-A9F5-94236E258BD3}.Debug|Any CPU.Build.0 = Debug|Any CPU
		{A80B0279-E87D-4018-A9F5-94236E258BD3}.Release|Any CPU.ActiveCfg = Release|Any CPU
		{A80B0279-E87D-4018-A9F5-94236E258BD3}.Release|Any CPU.Build.0 = Release|Any CPU
		{2BA815A7-0F4A-4995-89AA-C8C2374394AE}.Debug|Any CPU.ActiveCfg = Debug|Any CPU
		{2BA815A7-0F4A-4995-89AA-C8C2374394AE}.Debug|Any CPU.Build.0 = Debug|Any CPU
		{2BA815A7-0F4A-4995-89AA-C8C2374394AE}.Release|Any CPU.ActiveCfg = Release|Any CPU
		{2BA815A7-0F4A-4995-89AA-C8C2374394AE}.Release|Any CPU.Build.0 = Release|Any CPU
		{9BBC8A42-A983-4879-97A6-D1745EF396D2}.Debug|Any CPU.ActiveCfg = Debug|Any CPU
		{9BBC8A42-A983-4879-97A6-D1745EF396D2}.Debug|Any CPU.Build.0 = Debug|Any CPU
		{9BBC8A42-A983-4879-97A6-D1745EF396D2}.Release|Any CPU.ActiveCfg = Release|Any CPU
		{9BBC8A42-A983-4879-97A6-D1745EF396D2}.Release|Any CPU.Build.0 = Release|Any CPU
		{01E97888-8610-4524-8640-150C1F479F7B}.Debug|Any CPU.ActiveCfg = Debug|Any CPU
		{01E97888-8610-4524-8640-150C1F479F7B}.Debug|Any CPU.Build.0 = Debug|Any CPU
		{01E97888-8610-4524-8640-150C1F479F7B}.Release|Any CPU.ActiveCfg = Release|Any CPU
		{01E97888-8610-4524-8640-150C1F479F7B}.Release|Any CPU.Build.0 = Release|Any CPU
		{95A0E7D6-3944-43F0-B6F1-0F1F4990E76A}.Debug|Any CPU.ActiveCfg = Debug|Any CPU
		{95A0E7D6-3944-43F0-B6F1-0F1F4990E76A}.Debug|Any CPU.Build.0 = Debug|Any CPU
		{95A0E7D6-3944-43F0-B6F1-0F1F4990E76A}.Release|Any CPU.ActiveCfg = Release|Any CPU
		{95A0E7D6-3944-43F0-B6F1-0F1F4990E76A}.Release|Any CPU.Build.0 = Release|Any CPU
		{07C7F197-A82A-4AF3-B009-9227EEF003A0}.Debug|Any CPU.ActiveCfg = Debug|Any CPU
		{07C7F197-A82A-4AF3-B009-9227EEF003A0}.Debug|Any CPU.Build.0 = Debug|Any CPU
		{07C7F197-A82A-4AF3-B009-9227EEF003A0}.Release|Any CPU.ActiveCfg = Release|Any CPU
		{07C7F197-A82A-4AF3-B009-9227EEF003A0}.Release|Any CPU.Build.0 = Release|Any CPU
	EndGlobalSection
	GlobalSection(SolutionProperties) = preSolution
		HideSolutionNode = FALSE
	EndGlobalSection
	GlobalSection(ExtensibilityGlobals) = postSolution
		SolutionGuid = {A337208D-6640-412F-A48A-2F3636055B08}
	EndGlobalSection
EndGlobal
