
Microsoft Visual Studio Solution File, Format Version 12.00
# Visual Studio Version 16
VisualStudioVersion = 16.0.29306.81
MinimumVisualStudioVersion = 10.0.40219.1
Project("{FAE04EC0-301F-11D3-BF4B-00C04F79EFBC}") = "Opdracht1", "Opdracht1\Opdracht1.csproj", "{A80B0279-E87D-4018-A9F5-94236E258BD3}"
EndProject
Project("{FAE04EC0-301F-11D3-BF4B-00C04F79EFBC}") = "Opdracht2", "Opdracht2\Opdracht2.csproj", "{2BA815A7-0F4A-4995-89AA-C8C2374394AE}"
EndProject
Project("{FAE04EC0-301F-11D3-BF4B-00C04F79EFBC}") = "Opdracht3", "Opdracht3\Opdracht3.csproj", "{9BBC8A42-A983-4879-97A6-D1745EF396D2}"
EndProject
Global
	GlobalSection(SolutionConfigurationPlatforms) = preSolution
		Debug|Any CPU = Debug|Any CPU
		Release|Any CPU = Release|Any CPU
	EndGlobalSection
	GlobalSection(ProjectConfigurationPlatforms) = postSolution
		{A80B0279-E87D-4018-A9F5-94236E258BD3}.Debug|Any CPU.ActiveCfg = Debug|Any CPU
		{A80B0279-E87D-4018-A9F5-94236E258BD3}.Debug|Any CPU.Build.0 = Debug|Any CPU
		{A80B0279-E87D-4018-A9F5-94236E258BD3}.Release|Any CPU.ActiveCfg = Release|Any CPU
		{A80B0279-E87D-4018-A9F5-94236E258BD3}.Release|Any CPU.Build.0 = Release|Any CPU
		{2BA815A7-0F4A-4995-89AA-C8C2374394AE}.Debug|Any CPU.ActiveCfg = Debug|Any CPU
		{2BA815A7-0F4A-4995-89AA-C8C2374394AE}.Debug|Any CPU.Build.0 = Debug|Any CPU
		{2BA815A7-0F4A-4995-89AA-C8C2374394AE}.Release|Any CPU.ActiveCfg = Release|Any CPU
		{2BA815A7-0F4A-4995-89AA-C8C2374394AE}.Release|Any CPU.Build.0 = Release|Any CPU
		{9BBC8A42-A983-4879-97A6-D1745EF396D2}.Debug|Any CPU.ActiveCfg = Debug|Any CPU
		{9BBC8A42-A983-4879-97A6-D1745EF396D2}.Debug|Any CPU.Build.0 = Debug|Any CPU
		{9BBC8A42-A983-4879-97A6-D1745EF396D2}.Release|Any CPU.ActiveCfg = Release|Any CPU
		{9BBC8A42-A983-4879-97A6-D1745EF396D2}.Release|Any CPU.Build.0 = Release|Any CPU
	EndGlobalSection
	GlobalSection(SolutionProperties) = preSolution
		HideSolutionNode = FALSE
	EndGlobalSection
	GlobalSection(ExtensibilityGlobals) = postSolution
		SolutionGuid = {A337208D-6640-412F-A48A-2F3636055B08}
	EndGlobalSection
EndGlobal
