
Microsoft Visual Studio Solution File, Format Version 12.00
# Visual Studio Version 16
VisualStudioVersion = 16.0.30002.166
MinimumVisualStudioVersion = 10.0.40219.1
Project("{FAE04EC0-301F-11D3-BF4B-00C04F79EFBC}") = "Opdracht 1", "Opdracht 1\Opdracht 1.csproj", "{5B516995-EBA2-44A0-B403-80C7DADE556D}"
EndProject
Project("{FAE04EC0-301F-11D3-BF4B-00C04F79EFBC}") = "Opdracht 2", "Opdracht 2\Opdracht 2.csproj", "{B9162290-D930-444D-A0CC-4134AA5124AF}"
EndProject
Global
	GlobalSection(SolutionConfigurationPlatforms) = preSolution
		Debug|Any CPU = Debug|Any CPU
		Release|Any CPU = Release|Any CPU
	EndGlobalSection
	GlobalSection(ProjectConfigurationPlatforms) = postSolution
		{5B516995-EBA2-44A0-B403-80C7DADE556D}.Debug|Any CPU.ActiveCfg = Debug|Any CPU
		{5B516995-EBA2-44A0-B403-80C7DADE556D}.Debug|Any CPU.Build.0 = Debug|Any CPU
		{5B516995-EBA2-44A0-B403-80C7DADE556D}.Release|Any CPU.ActiveCfg = Release|Any CPU
		{5B516995-EBA2-44A0-B403-80C7DADE556D}.Release|Any CPU.Build.0 = Release|Any CPU
		{B9162290-D930-444D-A0CC-4134AA5124AF}.Debug|Any CPU.ActiveCfg = Debug|Any CPU
		{B9162290-D930-444D-A0CC-4134AA5124AF}.Debug|Any CPU.Build.0 = Debug|Any CPU
		{B9162290-D930-444D-A0CC-4134AA5124AF}.Release|Any CPU.ActiveCfg = Release|Any CPU
		{B9162290-D930-444D-A0CC-4134AA5124AF}.Release|Any CPU.Build.0 = Release|Any CPU
	EndGlobalSection
	GlobalSection(SolutionProperties) = preSolution
		HideSolutionNode = FALSE
	EndGlobalSection
	GlobalSection(ExtensibilityGlobals) = postSolution
		SolutionGuid = {FC99102F-436A-4CC6-AE8F-3E5C2C668842}
	EndGlobalSection
EndGlobal
