
Microsoft Visual Studio Solution File, Format Version 12.00
# Visual Studio Version 16
VisualStudioVersion = 16.0.29306.81
MinimumVisualStudioVersion = 10.0.40219.1
Project("{FAE04EC0-301F-11D3-BF4B-00C04F79EFBC}") = "Opdracht 3", "Opdracht 3\Opdracht 3.csproj", "{E0E8EDC5-07CF-4133-8066-94E2BA53357C}"
EndProject
Project("{FAE04EC0-301F-11D3-BF4B-00C04F79EFBC}") = "Opdracht 1", "Opdracht 1\Opdracht 1.csproj", "{1F43D91A-5CA6-4DC3-B32B-9ECFF324BCD2}"
EndProject
Project("{FAE04EC0-301F-11D3-BF4B-00C04F79EFBC}") = "Opdracht 2", "Opdracht 2\Opdracht 2.csproj", "{C9224A4A-8E0F-4C3C-A977-A03B88D35DE4}"
EndProject
Project("{FAE04EC0-301F-11D3-BF4B-00C04F79EFBC}") = "Opdracht 4", "Opdracht 4\Opdracht 4.csproj", "{62BE303C-9449-4774-A407-21A0DB5353F9}"
EndProject
Global
	GlobalSection(SolutionConfigurationPlatforms) = preSolution
		Debug|Any CPU = Debug|Any CPU
		Release|Any CPU = Release|Any CPU
	EndGlobalSection
	GlobalSection(ProjectConfigurationPlatforms) = postSolution
		{E0E8EDC5-07CF-4133-8066-94E2BA53357C}.Debug|Any CPU.ActiveCfg = Debug|Any CPU
		{E0E8EDC5-07CF-4133-8066-94E2BA53357C}.Debug|Any CPU.Build.0 = Debug|Any CPU
		{E0E8EDC5-07CF-4133-8066-94E2BA53357C}.Release|Any CPU.ActiveCfg = Release|Any CPU
		{E0E8EDC5-07CF-4133-8066-94E2BA53357C}.Release|Any CPU.Build.0 = Release|Any CPU
		{1F43D91A-5CA6-4DC3-B32B-9ECFF324BCD2}.Debug|Any CPU.ActiveCfg = Debug|Any CPU
		{1F43D91A-5CA6-4DC3-B32B-9ECFF324BCD2}.Debug|Any CPU.Build.0 = Debug|Any CPU
		{1F43D91A-5CA6-4DC3-B32B-9ECFF324BCD2}.Release|Any CPU.ActiveCfg = Release|Any CPU
		{1F43D91A-5CA6-4DC3-B32B-9ECFF324BCD2}.Release|Any CPU.Build.0 = Release|Any CPU
		{C9224A4A-8E0F-4C3C-A977-A03B88D35DE4}.Debug|Any CPU.ActiveCfg = Debug|Any CPU
		{C9224A4A-8E0F-4C3C-A977-A03B88D35DE4}.Debug|Any CPU.Build.0 = Debug|Any CPU
		{C9224A4A-8E0F-4C3C-A977-A03B88D35DE4}.Release|Any CPU.ActiveCfg = Release|Any CPU
		{C9224A4A-8E0F-4C3C-A977-A03B88D35DE4}.Release|Any CPU.Build.0 = Release|Any CPU
		{62BE303C-9449-4774-A407-21A0DB5353F9}.Debug|Any CPU.ActiveCfg = Debug|Any CPU
		{62BE303C-9449-4774-A407-21A0DB5353F9}.Debug|Any CPU.Build.0 = Debug|Any CPU
		{62BE303C-9449-4774-A407-21A0DB5353F9}.Release|Any CPU.ActiveCfg = Release|Any CPU
		{62BE303C-9449-4774-A407-21A0DB5353F9}.Release|Any CPU.Build.0 = Release|Any CPU
	EndGlobalSection
	GlobalSection(SolutionProperties) = preSolution
		HideSolutionNode = FALSE
	EndGlobalSection
	GlobalSection(ExtensibilityGlobals) = postSolution
		SolutionGuid = {BA30C440-0A62-4B6E-A282-498DFFCE167B}
	EndGlobalSection
EndGlobal
