
Microsoft Visual Studio Solution File, Format Version 12.00
# Visual Studio Version 16
VisualStudioVersion = 16.0.30002.166
MinimumVisualStudioVersion = 10.0.40219.1
Project("{FAE04EC0-301F-11D3-BF4B-00C04F79EFBC}") = "Programmeren3-opgaven", "Programmeren3-opgaven\Programmeren3-opgaven.csproj", "{CCF19309-D5A9-42E3-BF1B-7312D3330838}"
EndProject
Global
	GlobalSection(SolutionConfigurationPlatforms) = preSolution
		Debug|Any CPU = Debug|Any CPU
		Release|Any CPU = Release|Any CPU
	EndGlobalSection
	GlobalSection(ProjectConfigurationPlatforms) = postSolution
		{CCF19309-D5A9-42E3-BF1B-7312D3330838}.Debug|Any CPU.ActiveCfg = Debug|Any CPU
		{CCF19309-D5A9-42E3-BF1B-7312D3330838}.Debug|Any CPU.Build.0 = Debug|Any CPU
		{CCF19309-D5A9-42E3-BF1B-7312D3330838}.Release|Any CPU.ActiveCfg = Release|Any CPU
		{CCF19309-D5A9-42E3-BF1B-7312D3330838}.Release|Any CPU.Build.0 = Release|Any CPU
	EndGlobalSection
	GlobalSection(SolutionProperties) = preSolution
		HideSolutionNode = FALSE
	EndGlobalSection
	GlobalSection(ExtensibilityGlobals) = postSolution
		SolutionGuid = {DCA081F4-C436-4DBF-BC01-F528C61E736B}
	EndGlobalSection
EndGlobal
