
Microsoft Visual Studio Solution File, Format Version 12.00
# Visual Studio Version 16
VisualStudioVersion = 16.0.29306.81
MinimumVisualStudioVersion = 10.0.40219.1
Project("{FAE04EC0-301F-11D3-BF4B-00C04F79EFBC}") = "Opdracht1", "Opdracht1\Opdracht1.csproj", "{2DBAC401-F570-4A55-A3C1-75B90C068ED5}"
EndProject
Project("{FAE04EC0-301F-11D3-BF4B-00C04F79EFBC}") = "Opdracht2", "Opdracht2\Opdracht2.csproj", "{CF8BEDE9-3478-424B-BC00-FEA9BF6C0F86}"
EndProject
Global
	GlobalSection(SolutionConfigurationPlatforms) = preSolution
		Debug|Any CPU = Debug|Any CPU
		Release|Any CPU = Release|Any CPU
	EndGlobalSection
	GlobalSection(ProjectConfigurationPlatforms) = postSolution
		{2DBAC401-F570-4A55-A3C1-75B90C068ED5}.Debug|Any CPU.ActiveCfg = Debug|Any CPU
		{2DBAC401-F570-4A55-A3C1-75B90C068ED5}.Debug|Any CPU.Build.0 = Debug|Any CPU
		{2DBAC401-F570-4A55-A3C1-75B90C068ED5}.Release|Any CPU.ActiveCfg = Release|Any CPU
		{2DBAC401-F570-4A55-A3C1-75B90C068ED5}.Release|Any CPU.Build.0 = Release|Any CPU
		{CF8BEDE9-3478-424B-BC00-FEA9BF6C0F86}.Debug|Any CPU.ActiveCfg = Debug|Any CPU
		{CF8BEDE9-3478-424B-BC00-FEA9BF6C0F86}.Debug|Any CPU.Build.0 = Debug|Any CPU
		{CF8BEDE9-3478-424B-BC00-FEA9BF6C0F86}.Release|Any CPU.ActiveCfg = Release|Any CPU
		{CF8BEDE9-3478-424B-BC00-FEA9BF6C0F86}.Release|Any CPU.Build.0 = Release|Any CPU
	EndGlobalSection
	GlobalSection(SolutionProperties) = preSolution
		HideSolutionNode = FALSE
	EndGlobalSection
	GlobalSection(ExtensibilityGlobals) = postSolution
		SolutionGuid = {44DB948D-2468-4BCC-917E-630AA02CB8D3}
	EndGlobalSection
EndGlobal
